
Microsoft Visual Studio Solution File, Format Version 12.00
# Visual Studio 15
VisualStudioVersion = 15.0.27703.2026
MinimumVisualStudioVersion = 10.0.40219.1
Project("{FAE04EC0-301F-11D3-BF4B-00C04F79EFBC}") = "Worky", "Worky\Worky.csproj", "{DF832521-AE90-419E-99DD-6461C85F5B84}"
EndProject
Global
	GlobalSection(SolutionConfigurationPlatforms) = preSolution
		Debug|Any CPU = Debug|Any CPU
		Release|Any CPU = Release|Any CPU
	EndGlobalSection
	GlobalSection(ProjectConfigurationPlatforms) = postSolution
		{DF832521-AE90-419E-99DD-6461C85F5B84}.Debug|Any CPU.ActiveCfg = Debug|Any CPU
		{DF832521-AE90-419E-99DD-6461C85F5B84}.Debug|Any CPU.Build.0 = Debug|Any CPU
		{DF832521-AE90-419E-99DD-6461C85F5B84}.Release|Any CPU.ActiveCfg = Release|Any CPU
		{DF832521-AE90-419E-99DD-6461C85F5B84}.Release|Any CPU.Build.0 = Release|Any CPU
	EndGlobalSection
	GlobalSection(SolutionProperties) = preSolution
		HideSolutionNode = FALSE
	EndGlobalSection
	GlobalSection(ExtensibilityGlobals) = postSolution
		SolutionGuid = {75D2533C-A65F-4D4B-8605-1D10CB54CEDA}
	EndGlobalSection
EndGlobal
